
Microsoft Visual Studio Solution File, Format Version 12.00
# Visual Studio Version 16
VisualStudioVersion = 16.0.29411.108
MinimumVisualStudioVersion = 10.0.40219.1
Project("{2150E333-8FDC-42A3-9474-1A3956D46DE8}") = "01 Lab", "01 Lab", "{970CC1A5-8DDA-4FC0-BA03-6665DA446929}"
EndProject
Project("{2150E333-8FDC-42A3-9474-1A3956D46DE8}") = "02 Exercise", "02 Exercise", "{93BE5FED-C8F4-4498-A662-61D2D5BF8C67}"
EndProject
Project("{2150E333-8FDC-42A3-9474-1A3956D46DE8}") = "03 More Exercise", "03 More Exercise", "{0DE21E3C-EE44-4AC5-B411-D9992B5F5920}"
EndProject
Project("{9A19103F-16F7-4668-BE54-9A1E7A4F7556}") = "01. Sort Numbers", "01. Sort Numbers\01. Sort Numbers.csproj", "{136F9167-9498-4838-A575-284582F5A92B}"
EndProject
Project("{9A19103F-16F7-4668-BE54-9A1E7A4F7556}") = "03. Gaming Store", "03. Gaming Store\03. Gaming Store.csproj", "{18A7005E-DE2B-4D11-9047-67AF2510A405}"
EndProject
Project("{9A19103F-16F7-4668-BE54-9A1E7A4F7556}") = "04. Reverse String", "04. Reverse String\04. Reverse String.csproj", "{CDC048F0-CC6A-486E-A550-DCB020960F50}"
EndProject
Project("{9A19103F-16F7-4668-BE54-9A1E7A4F7556}") = "05. Messages", "05. Messages\05. Messages.csproj", "{CE435174-6F26-4BCC-AB0C-CEBCBBAA2DCE}"
EndProject
Project("{9A19103F-16F7-4668-BE54-9A1E7A4F7556}") = "01. Student Information", "01. Student Information\01. Student Information.csproj", "{FA759E3E-C43C-4636-BE99-357A9185F4BA}"
EndProject
Project("{9A19103F-16F7-4668-BE54-9A1E7A4F7556}") = "02. Passed", "02. Passed\02. Passed.csproj", "{A1B2EF69-ED20-4543-8031-CD0E089D6D46}"
EndProject
Project("{9A19103F-16F7-4668-BE54-9A1E7A4F7556}") = "03. Passed or Failed", "03. Passed or Failed\03. Passed or Failed.csproj", "{CAC8E1A9-331F-4F36-964B-DF7BC44A352B}"
EndProject
Project("{9A19103F-16F7-4668-BE54-9A1E7A4F7556}") = "04. Back In 30 Minutes", "04. BackI n 30 Minutes\04. Back In 30 Minutes.csproj", "{DCC7FC04-2F6A-453C-A108-3976E47E08E6}"
EndProject
Project("{9A19103F-16F7-4668-BE54-9A1E7A4F7556}") = "05. Month Printer", "05. Month Printer\05. Month Printer.csproj", "{305F720C-2322-4258-BDDB-1FF4A08A82CB}"
EndProject
Project("{9A19103F-16F7-4668-BE54-9A1E7A4F7556}") = "06. Foreign Languages", "06. Foreign Languages\06. Foreign Languages.csproj", "{B8019286-94B7-45A4-B7F9-28FBFFC84B8F}"
EndProject
Project("{9A19103F-16F7-4668-BE54-9A1E7A4F7556}") = "08. Divisible by 3", "08. Divisible by 3\08. Divisible by 3.csproj", "{5B4B71BF-C52B-4521-91FA-0F95F62E9B8B}"
EndProject
Project("{9A19103F-16F7-4668-BE54-9A1E7A4F7556}") = "07. Theatre Promotions", "07. Theatre Promotions\07. Theatre Promotions.csproj", "{1434DCFB-11B8-48B3-809A-63908AF154CB}"
EndProject
Project("{9A19103F-16F7-4668-BE54-9A1E7A4F7556}") = "09. Sum of Odd Numbers", "09. Sum of Odd Numbers\09. Sum of Odd Numbers.csproj", "{325B99DA-784A-4491-8D27-EBDFECADCBFF}"
EndProject
Project("{9A19103F-16F7-4668-BE54-9A1E7A4F7556}") = "10.  Multiplication Table", "10.  Multiplication Table\10.  Multiplication Table.csproj", "{11BFCFDD-C983-40A0-9796-F11E531BFED0}"
EndProject
Project("{9A19103F-16F7-4668-BE54-9A1E7A4F7556}") = "11. Multiplication Table 2.0", "11. Multiplication Table 2.0\11. Multiplication Table 2.0.csproj", "{43BE191A-2A7F-404E-B653-C27017AEC98E}"
EndProject
Project("{9A19103F-16F7-4668-BE54-9A1E7A4F7556}") = "12. Even Number", "12. Even Number\12. Even Number.csproj", "{78415C3E-AE4F-4FB1-A625-047E0E26F904}"
EndProject
Project("{9A19103F-16F7-4668-BE54-9A1E7A4F7556}") = "13. Holidays Between Two Dates", "13. Holidays Between Two Dates\13. Holidays Between Two Dates.csproj", "{0D66FE68-7DAE-4747-B95F-F9D1470065CA}"
EndProject
Project("{9A19103F-16F7-4668-BE54-9A1E7A4F7556}") = "01. Ages", "01. Ages\01. Ages.csproj", "{27987E9F-B8A2-4CB6-A5DA-1F9EF0CE76E1}"
EndProject
Project("{9A19103F-16F7-4668-BE54-9A1E7A4F7556}") = "02. Divison", "02. Divison\02. Divison.csproj", "{BBED5A12-4611-402F-8CC0-144D655223D5}"
EndProject
Project("{9A19103F-16F7-4668-BE54-9A1E7A4F7556}") = "03. Vacation", "03. Vacation\03. Vacation.csproj", "{9186198A-AD1B-4FB8-A6D9-E5058CB8A474}"
EndProject
Project("{9A19103F-16F7-4668-BE54-9A1E7A4F7556}") = "04. Print and Sum", "04. Print and Sum\04. Print and Sum.csproj", "{2898F4DE-7225-4F35-B6A3-801AC46F8778}"
EndProject
Project("{9A19103F-16F7-4668-BE54-9A1E7A4F7556}") = "05. Login", "05. Login\05. Login.csproj", "{B5047BB4-52DE-4C15-BC1C-40FE74635E14}"
EndProject
Project("{9A19103F-16F7-4668-BE54-9A1E7A4F7556}") = "06. Strong Number", "06. Strong Number\06. Strong Number.csproj", "{03814036-115B-43AC-9E8E-23B2ECA36392}"
EndProject
Project("{9A19103F-16F7-4668-BE54-9A1E7A4F7556}") = "07. Vending Machine", "07. Vending Machine\07. Vending Machine.csproj", "{EC9B9E7B-10CE-4B44-9BB2-DE679B3EDC6C}"
EndProject
Project("{9A19103F-16F7-4668-BE54-9A1E7A4F7556}") = "08. Triangle of Numbers", "08. Triangle of Numbers\08. Triangle of Numbers.csproj", "{5125371E-4FA7-4F45-B564-14FED42FADEA}"
EndProject
Project("{9A19103F-16F7-4668-BE54-9A1E7A4F7556}") = "09. Padawan Equipment", "09. Padawan Equipment\09. Padawan Equipment.csproj", "{104EE2AB-7D24-4450-9359-0D4A8C508905}"
EndProject
Project("{9A19103F-16F7-4668-BE54-9A1E7A4F7556}") = "10. Rage Expenses", "10. Rage Expenses\10. Rage Expenses.csproj", "{621F6F2D-9CF8-4E74-902E-AA59F25E85F0}"
EndProject
Project("{FAE04EC0-301F-11D3-BF4B-00C04F79EFBC}") = "02. English Name of the Last Digit", "02. English Name of the Last Digit\02. English Name of the Last Digit.csproj", "{F2D7CC39-B36F-4719-99F1-4A004AD6DF62}"
EndProject
Global
	GlobalSection(SolutionConfigurationPlatforms) = preSolution
		Debug|Any CPU = Debug|Any CPU
		Release|Any CPU = Release|Any CPU
	EndGlobalSection
	GlobalSection(ProjectConfigurationPlatforms) = postSolution
		{136F9167-9498-4838-A575-284582F5A92B}.Debug|Any CPU.ActiveCfg = Debug|Any CPU
		{136F9167-9498-4838-A575-284582F5A92B}.Debug|Any CPU.Build.0 = Debug|Any CPU
		{136F9167-9498-4838-A575-284582F5A92B}.Release|Any CPU.ActiveCfg = Release|Any CPU
		{136F9167-9498-4838-A575-284582F5A92B}.Release|Any CPU.Build.0 = Release|Any CPU
		{18A7005E-DE2B-4D11-9047-67AF2510A405}.Debug|Any CPU.ActiveCfg = Debug|Any CPU
		{18A7005E-DE2B-4D11-9047-67AF2510A405}.Debug|Any CPU.Build.0 = Debug|Any CPU
		{18A7005E-DE2B-4D11-9047-67AF2510A405}.Release|Any CPU.ActiveCfg = Release|Any CPU
		{18A7005E-DE2B-4D11-9047-67AF2510A405}.Release|Any CPU.Build.0 = Release|Any CPU
		{CDC048F0-CC6A-486E-A550-DCB020960F50}.Debug|Any CPU.ActiveCfg = Debug|Any CPU
		{CDC048F0-CC6A-486E-A550-DCB020960F50}.Debug|Any CPU.Build.0 = Debug|Any CPU
		{CDC048F0-CC6A-486E-A550-DCB020960F50}.Release|Any CPU.ActiveCfg = Release|Any CPU
		{CDC048F0-CC6A-486E-A550-DCB020960F50}.Release|Any CPU.Build.0 = Release|Any CPU
		{CE435174-6F26-4BCC-AB0C-CEBCBBAA2DCE}.Debug|Any CPU.ActiveCfg = Debug|Any CPU
		{CE435174-6F26-4BCC-AB0C-CEBCBBAA2DCE}.Debug|Any CPU.Build.0 = Debug|Any CPU
		{CE435174-6F26-4BCC-AB0C-CEBCBBAA2DCE}.Release|Any CPU.ActiveCfg = Release|Any CPU
		{CE435174-6F26-4BCC-AB0C-CEBCBBAA2DCE}.Release|Any CPU.Build.0 = Release|Any CPU
		{FA759E3E-C43C-4636-BE99-357A9185F4BA}.Debug|Any CPU.ActiveCfg = Debug|Any CPU
		{FA759E3E-C43C-4636-BE99-357A9185F4BA}.Debug|Any CPU.Build.0 = Debug|Any CPU
		{FA759E3E-C43C-4636-BE99-357A9185F4BA}.Release|Any CPU.ActiveCfg = Release|Any CPU
		{FA759E3E-C43C-4636-BE99-357A9185F4BA}.Release|Any CPU.Build.0 = Release|Any CPU
		{A1B2EF69-ED20-4543-8031-CD0E089D6D46}.Debug|Any CPU.ActiveCfg = Debug|Any CPU
		{A1B2EF69-ED20-4543-8031-CD0E089D6D46}.Debug|Any CPU.Build.0 = Debug|Any CPU
		{A1B2EF69-ED20-4543-8031-CD0E089D6D46}.Release|Any CPU.ActiveCfg = Release|Any CPU
		{A1B2EF69-ED20-4543-8031-CD0E089D6D46}.Release|Any CPU.Build.0 = Release|Any CPU
		{CAC8E1A9-331F-4F36-964B-DF7BC44A352B}.Debug|Any CPU.ActiveCfg = Debug|Any CPU
		{CAC8E1A9-331F-4F36-964B-DF7BC44A352B}.Debug|Any CPU.Build.0 = Debug|Any CPU
		{CAC8E1A9-331F-4F36-964B-DF7BC44A352B}.Release|Any CPU.ActiveCfg = Release|Any CPU
		{CAC8E1A9-331F-4F36-964B-DF7BC44A352B}.Release|Any CPU.Build.0 = Release|Any CPU
		{DCC7FC04-2F6A-453C-A108-3976E47E08E6}.Debug|Any CPU.ActiveCfg = Debug|Any CPU
		{DCC7FC04-2F6A-453C-A108-3976E47E08E6}.Debug|Any CPU.Build.0 = Debug|Any CPU
		{DCC7FC04-2F6A-453C-A108-3976E47E08E6}.Release|Any CPU.ActiveCfg = Release|Any CPU
		{DCC7FC04-2F6A-453C-A108-3976E47E08E6}.Release|Any CPU.Build.0 = Release|Any CPU
		{305F720C-2322-4258-BDDB-1FF4A08A82CB}.Debug|Any CPU.ActiveCfg = Debug|Any CPU
		{305F720C-2322-4258-BDDB-1FF4A08A82CB}.Debug|Any CPU.Build.0 = Debug|Any CPU
		{305F720C-2322-4258-BDDB-1FF4A08A82CB}.Release|Any CPU.ActiveCfg = Release|Any CPU
		{305F720C-2322-4258-BDDB-1FF4A08A82CB}.Release|Any CPU.Build.0 = Release|Any CPU
		{B8019286-94B7-45A4-B7F9-28FBFFC84B8F}.Debug|Any CPU.ActiveCfg = Debug|Any CPU
		{B8019286-94B7-45A4-B7F9-28FBFFC84B8F}.Debug|Any CPU.Build.0 = Debug|Any CPU
		{B8019286-94B7-45A4-B7F9-28FBFFC84B8F}.Release|Any CPU.ActiveCfg = Release|Any CPU
		{B8019286-94B7-45A4-B7F9-28FBFFC84B8F}.Release|Any CPU.Build.0 = Release|Any CPU
		{5B4B71BF-C52B-4521-91FA-0F95F62E9B8B}.Debug|Any CPU.ActiveCfg = Debug|Any CPU
		{5B4B71BF-C52B-4521-91FA-0F95F62E9B8B}.Debug|Any CPU.Build.0 = Debug|Any CPU
		{5B4B71BF-C52B-4521-91FA-0F95F62E9B8B}.Release|Any CPU.ActiveCfg = Release|Any CPU
		{5B4B71BF-C52B-4521-91FA-0F95F62E9B8B}.Release|Any CPU.Build.0 = Release|Any CPU
		{1434DCFB-11B8-48B3-809A-63908AF154CB}.Debug|Any CPU.ActiveCfg = Debug|Any CPU
		{1434DCFB-11B8-48B3-809A-63908AF154CB}.Debug|Any CPU.Build.0 = Debug|Any CPU
		{1434DCFB-11B8-48B3-809A-63908AF154CB}.Release|Any CPU.ActiveCfg = Release|Any CPU
		{1434DCFB-11B8-48B3-809A-63908AF154CB}.Release|Any CPU.Build.0 = Release|Any CPU
		{325B99DA-784A-4491-8D27-EBDFECADCBFF}.Debug|Any CPU.ActiveCfg = Debug|Any CPU
		{325B99DA-784A-4491-8D27-EBDFECADCBFF}.Debug|Any CPU.Build.0 = Debug|Any CPU
		{325B99DA-784A-4491-8D27-EBDFECADCBFF}.Release|Any CPU.ActiveCfg = Release|Any CPU
		{325B99DA-784A-4491-8D27-EBDFECADCBFF}.Release|Any CPU.Build.0 = Release|Any CPU
		{11BFCFDD-C983-40A0-9796-F11E531BFED0}.Debug|Any CPU.ActiveCfg = Debug|Any CPU
		{11BFCFDD-C983-40A0-9796-F11E531BFED0}.Debug|Any CPU.Build.0 = Debug|Any CPU
		{11BFCFDD-C983-40A0-9796-F11E531BFED0}.Release|Any CPU.ActiveCfg = Release|Any CPU
		{11BFCFDD-C983-40A0-9796-F11E531BFED0}.Release|Any CPU.Build.0 = Release|Any CPU
		{43BE191A-2A7F-404E-B653-C27017AEC98E}.Debug|Any CPU.ActiveCfg = Debug|Any CPU
		{43BE191A-2A7F-404E-B653-C27017AEC98E}.Debug|Any CPU.Build.0 = Debug|Any CPU
		{43BE191A-2A7F-404E-B653-C27017AEC98E}.Release|Any CPU.ActiveCfg = Release|Any CPU
		{43BE191A-2A7F-404E-B653-C27017AEC98E}.Release|Any CPU.Build.0 = Release|Any CPU
		{78415C3E-AE4F-4FB1-A625-047E0E26F904}.Debug|Any CPU.ActiveCfg = Debug|Any CPU
		{78415C3E-AE4F-4FB1-A625-047E0E26F904}.Debug|Any CPU.Build.0 = Debug|Any CPU
		{78415C3E-AE4F-4FB1-A625-047E0E26F904}.Release|Any CPU.ActiveCfg = Release|Any CPU
		{78415C3E-AE4F-4FB1-A625-047E0E26F904}.Release|Any CPU.Build.0 = Release|Any CPU
		{0D66FE68-7DAE-4747-B95F-F9D1470065CA}.Debug|Any CPU.ActiveCfg = Debug|Any CPU
		{0D66FE68-7DAE-4747-B95F-F9D1470065CA}.Debug|Any CPU.Build.0 = Debug|Any CPU
		{0D66FE68-7DAE-4747-B95F-F9D1470065CA}.Release|Any CPU.ActiveCfg = Release|Any CPU
		{0D66FE68-7DAE-4747-B95F-F9D1470065CA}.Release|Any CPU.Build.0 = Release|Any CPU
		{27987E9F-B8A2-4CB6-A5DA-1F9EF0CE76E1}.Debug|Any CPU.ActiveCfg = Debug|Any CPU
		{27987E9F-B8A2-4CB6-A5DA-1F9EF0CE76E1}.Debug|Any CPU.Build.0 = Debug|Any CPU
		{27987E9F-B8A2-4CB6-A5DA-1F9EF0CE76E1}.Release|Any CPU.ActiveCfg = Release|Any CPU
		{27987E9F-B8A2-4CB6-A5DA-1F9EF0CE76E1}.Release|Any CPU.Build.0 = Release|Any CPU
		{BBED5A12-4611-402F-8CC0-144D655223D5}.Debug|Any CPU.ActiveCfg = Debug|Any CPU
		{BBED5A12-4611-402F-8CC0-144D655223D5}.Debug|Any CPU.Build.0 = Debug|Any CPU
		{BBED5A12-4611-402F-8CC0-144D655223D5}.Release|Any CPU.ActiveCfg = Release|Any CPU
		{BBED5A12-4611-402F-8CC0-144D655223D5}.Release|Any CPU.Build.0 = Release|Any CPU
		{9186198A-AD1B-4FB8-A6D9-E5058CB8A474}.Debug|Any CPU.ActiveCfg = Debug|Any CPU
		{9186198A-AD1B-4FB8-A6D9-E5058CB8A474}.Debug|Any CPU.Build.0 = Debug|Any CPU
		{9186198A-AD1B-4FB8-A6D9-E5058CB8A474}.Release|Any CPU.ActiveCfg = Release|Any CPU
		{9186198A-AD1B-4FB8-A6D9-E5058CB8A474}.Release|Any CPU.Build.0 = Release|Any CPU
		{2898F4DE-7225-4F35-B6A3-801AC46F8778}.Debug|Any CPU.ActiveCfg = Debug|Any CPU
		{2898F4DE-7225-4F35-B6A3-801AC46F8778}.Debug|Any CPU.Build.0 = Debug|Any CPU
		{2898F4DE-7225-4F35-B6A3-801AC46F8778}.Release|Any CPU.ActiveCfg = Release|Any CPU
		{2898F4DE-7225-4F35-B6A3-801AC46F8778}.Release|Any CPU.Build.0 = Release|Any CPU
		{B5047BB4-52DE-4C15-BC1C-40FE74635E14}.Debug|Any CPU.ActiveCfg = Debug|Any CPU
		{B5047BB4-52DE-4C15-BC1C-40FE74635E14}.Debug|Any CPU.Build.0 = Debug|Any CPU
		{B5047BB4-52DE-4C15-BC1C-40FE74635E14}.Release|Any CPU.ActiveCfg = Release|Any CPU
		{B5047BB4-52DE-4C15-BC1C-40FE74635E14}.Release|Any CPU.Build.0 = Release|Any CPU
		{03814036-115B-43AC-9E8E-23B2ECA36392}.Debug|Any CPU.ActiveCfg = Debug|Any CPU
		{03814036-115B-43AC-9E8E-23B2ECA36392}.Debug|Any CPU.Build.0 = Debug|Any CPU
		{03814036-115B-43AC-9E8E-23B2ECA36392}.Release|Any CPU.ActiveCfg = Release|Any CPU
		{03814036-115B-43AC-9E8E-23B2ECA36392}.Release|Any CPU.Build.0 = Release|Any CPU
		{EC9B9E7B-10CE-4B44-9BB2-DE679B3EDC6C}.Debug|Any CPU.ActiveCfg = Debug|Any CPU
		{EC9B9E7B-10CE-4B44-9BB2-DE679B3EDC6C}.Debug|Any CPU.Build.0 = Debug|Any CPU
		{EC9B9E7B-10CE-4B44-9BB2-DE679B3EDC6C}.Release|Any CPU.ActiveCfg = Release|Any CPU
		{EC9B9E7B-10CE-4B44-9BB2-DE679B3EDC6C}.Release|Any CPU.Build.0 = Release|Any CPU
		{5125371E-4FA7-4F45-B564-14FED42FADEA}.Debug|Any CPU.ActiveCfg = Debug|Any CPU
		{5125371E-4FA7-4F45-B564-14FED42FADEA}.Debug|Any CPU.Build.0 = Debug|Any CPU
		{5125371E-4FA7-4F45-B564-14FED42FADEA}.Release|Any CPU.ActiveCfg = Release|Any CPU
		{5125371E-4FA7-4F45-B564-14FED42FADEA}.Release|Any CPU.Build.0 = Release|Any CPU
		{104EE2AB-7D24-4450-9359-0D4A8C508905}.Debug|Any CPU.ActiveCfg = Debug|Any CPU
		{104EE2AB-7D24-4450-9359-0D4A8C508905}.Debug|Any CPU.Build.0 = Debug|Any CPU
		{104EE2AB-7D24-4450-9359-0D4A8C508905}.Release|Any CPU.ActiveCfg = Release|Any CPU
		{104EE2AB-7D24-4450-9359-0D4A8C508905}.Release|Any CPU.Build.0 = Release|Any CPU
		{621F6F2D-9CF8-4E74-902E-AA59F25E85F0}.Debug|Any CPU.ActiveCfg = Debug|Any CPU
		{621F6F2D-9CF8-4E74-902E-AA59F25E85F0}.Debug|Any CPU.Build.0 = Debug|Any CPU
		{621F6F2D-9CF8-4E74-902E-AA59F25E85F0}.Release|Any CPU.ActiveCfg = Release|Any CPU
		{621F6F2D-9CF8-4E74-902E-AA59F25E85F0}.Release|Any CPU.Build.0 = Release|Any CPU
		{F2D7CC39-B36F-4719-99F1-4A004AD6DF62}.Debug|Any CPU.ActiveCfg = Debug|Any CPU
		{F2D7CC39-B36F-4719-99F1-4A004AD6DF62}.Debug|Any CPU.Build.0 = Debug|Any CPU
		{F2D7CC39-B36F-4719-99F1-4A004AD6DF62}.Release|Any CPU.ActiveCfg = Release|Any CPU
		{F2D7CC39-B36F-4719-99F1-4A004AD6DF62}.Release|Any CPU.Build.0 = Release|Any CPU
	EndGlobalSection
	GlobalSection(SolutionProperties) = preSolution
		HideSolutionNode = FALSE
	EndGlobalSection
	GlobalSection(NestedProjects) = preSolution
		{136F9167-9498-4838-A575-284582F5A92B} = {0DE21E3C-EE44-4AC5-B411-D9992B5F5920}
		{18A7005E-DE2B-4D11-9047-67AF2510A405} = {0DE21E3C-EE44-4AC5-B411-D9992B5F5920}
		{CDC048F0-CC6A-486E-A550-DCB020960F50} = {0DE21E3C-EE44-4AC5-B411-D9992B5F5920}
		{CE435174-6F26-4BCC-AB0C-CEBCBBAA2DCE} = {0DE21E3C-EE44-4AC5-B411-D9992B5F5920}
		{FA759E3E-C43C-4636-BE99-357A9185F4BA} = {970CC1A5-8DDA-4FC0-BA03-6665DA446929}
		{A1B2EF69-ED20-4543-8031-CD0E089D6D46} = {970CC1A5-8DDA-4FC0-BA03-6665DA446929}
		{CAC8E1A9-331F-4F36-964B-DF7BC44A352B} = {970CC1A5-8DDA-4FC0-BA03-6665DA446929}
		{DCC7FC04-2F6A-453C-A108-3976E47E08E6} = {970CC1A5-8DDA-4FC0-BA03-6665DA446929}
		{305F720C-2322-4258-BDDB-1FF4A08A82CB} = {970CC1A5-8DDA-4FC0-BA03-6665DA446929}
		{B8019286-94B7-45A4-B7F9-28FBFFC84B8F} = {970CC1A5-8DDA-4FC0-BA03-6665DA446929}
		{5B4B71BF-C52B-4521-91FA-0F95F62E9B8B} = {970CC1A5-8DDA-4FC0-BA03-6665DA446929}
		{1434DCFB-11B8-48B3-809A-63908AF154CB} = {970CC1A5-8DDA-4FC0-BA03-6665DA446929}
		{325B99DA-784A-4491-8D27-EBDFECADCBFF} = {970CC1A5-8DDA-4FC0-BA03-6665DA446929}
		{11BFCFDD-C983-40A0-9796-F11E531BFED0} = {970CC1A5-8DDA-4FC0-BA03-6665DA446929}
		{43BE191A-2A7F-404E-B653-C27017AEC98E} = {970CC1A5-8DDA-4FC0-BA03-6665DA446929}
		{78415C3E-AE4F-4FB1-A625-047E0E26F904} = {970CC1A5-8DDA-4FC0-BA03-6665DA446929}
		{0D66FE68-7DAE-4747-B95F-F9D1470065CA} = {970CC1A5-8DDA-4FC0-BA03-6665DA446929}
		{27987E9F-B8A2-4CB6-A5DA-1F9EF0CE76E1} = {93BE5FED-C8F4-4498-A662-61D2D5BF8C67}
		{BBED5A12-4611-402F-8CC0-144D655223D5} = {93BE5FED-C8F4-4498-A662-61D2D5BF8C67}
		{9186198A-AD1B-4FB8-A6D9-E5058CB8A474} = {93BE5FED-C8F4-4498-A662-61D2D5BF8C67}
		{2898F4DE-7225-4F35-B6A3-801AC46F8778} = {93BE5FED-C8F4-4498-A662-61D2D5BF8C67}
		{B5047BB4-52DE-4C15-BC1C-40FE74635E14} = {93BE5FED-C8F4-4498-A662-61D2D5BF8C67}
		{03814036-115B-43AC-9E8E-23B2ECA36392} = {93BE5FED-C8F4-4498-A662-61D2D5BF8C67}
		{EC9B9E7B-10CE-4B44-9BB2-DE679B3EDC6C} = {93BE5FED-C8F4-4498-A662-61D2D5BF8C67}
		{5125371E-4FA7-4F45-B564-14FED42FADEA} = {93BE5FED-C8F4-4498-A662-61D2D5BF8C67}
		{104EE2AB-7D24-4450-9359-0D4A8C508905} = {93BE5FED-C8F4-4498-A662-61D2D5BF8C67}
		{621F6F2D-9CF8-4E74-902E-AA59F25E85F0} = {93BE5FED-C8F4-4498-A662-61D2D5BF8C67}
		{F2D7CC39-B36F-4719-99F1-4A004AD6DF62} = {0DE21E3C-EE44-4AC5-B411-D9992B5F5920}
	EndGlobalSection
	GlobalSection(ExtensibilityGlobals) = postSolution
		SolutionGuid = {7E2FE23C-0E6D-42CA-AFCB-AAEE1FC97685}
	EndGlobalSection
EndGlobal
